// !$*UTF8*$!
{
	archiveVersion = 1;
	classes = {
	};
	objectVersion = 51;
	objects = {

/* Begin PBXBuildFile section */
		267C8696E40AE3BC20DDAA98 /* Pods_VizioIR.framework in Frameworks */ = {isa = PBXBuildFile; fileRef = ADC529C855F1F8CCC2EA4684 /* Pods_VizioIR.framework */; };
		7B480BCC2321C08D002F87B5 /* WebSocketWrapper.swift in Sources */ = {isa = PBXBuildFile; fileRef = 7B480BCB2321C08D002F87B5 /* WebSocketWrapper.swift */; };
		7B480BCE2321C3B0002F87B5 /* AppMain.swift in Sources */ = {isa = PBXBuildFile; fileRef = 7B480BCD2321C3B0002F87B5 /* AppMain.swift */; };
		7B480BD02321C4BA002F87B5 /* Bridge.swift in Sources */ = {isa = PBXBuildFile; fileRef = 7B480BCF2321C4BA002F87B5 /* Bridge.swift */; };
		7B480BD22321C706002F87B5 /* RemoteController.swift in Sources */ = {isa = PBXBuildFile; fileRef = 7B480BD12321C706002F87B5 /* RemoteController.swift */; };
		7BB9EA2A2321BDF800DCC2FD /* AppDelegate.swift in Sources */ = {isa = PBXBuildFile; fileRef = 7BB9EA292321BDF800DCC2FD /* AppDelegate.swift */; };
		7BB9EA2C2321BDF800DCC2FD /* LoginController.swift in Sources */ = {isa = PBXBuildFile; fileRef = 7BB9EA2B2321BDF800DCC2FD /* LoginController.swift */; };
		7BB9EA2F2321BDF800DCC2FD /* Main.storyboard in Resources */ = {isa = PBXBuildFile; fileRef = 7BB9EA2D2321BDF800DCC2FD /* Main.storyboard */; };
		7BB9EA312321BDF900DCC2FD /* Assets.xcassets in Resources */ = {isa = PBXBuildFile; fileRef = 7BB9EA302321BDF900DCC2FD /* Assets.xcassets */; };
		7BB9EA342321BDF900DCC2FD /* LaunchScreen.storyboard in Resources */ = {isa = PBXBuildFile; fileRef = 7BB9EA322321BDF900DCC2FD /* LaunchScreen.storyboard */; };
/* End PBXBuildFile section */

/* Begin PBXFileReference section */
		13201E3E0D27E9AF5F36F02A /* Pods-VizioIR.release.xcconfig */ = {isa = PBXFileReference; includeInIndex = 1; lastKnownFileType = text.xcconfig; name = "Pods-VizioIR.release.xcconfig"; path = "Target Support Files/Pods-VizioIR/Pods-VizioIR.release.xcconfig"; sourceTree = "<group>"; };
		7B480BCB2321C08D002F87B5 /* WebSocketWrapper.swift */ = {isa = PBXFileReference; lastKnownFileType = sourcecode.swift; path = WebSocketWrapper.swift; sourceTree = "<group>"; };
		7B480BCD2321C3B0002F87B5 /* AppMain.swift */ = {isa = PBXFileReference; lastKnownFileType = sourcecode.swift; path = AppMain.swift; sourceTree = "<group>"; };
		7B480BCF2321C4BA002F87B5 /* Bridge.swift */ = {isa = PBXFileReference; lastKnownFileType = sourcecode.swift; path = Bridge.swift; sourceTree = "<group>"; };
		7B480BD12321C706002F87B5 /* RemoteController.swift */ = {isa = PBXFileReference; lastKnownFileType = sourcecode.swift; path = RemoteController.swift; sourceTree = "<group>"; };
		7B7347FF9C87A07295B96F2C /* Pods-VizioIR.debug.xcconfig */ = {isa = PBXFileReference; includeInIndex = 1; lastKnownFileType = text.xcconfig; name = "Pods-VizioIR.debug.xcconfig"; path = "Target Support Files/Pods-VizioIR/Pods-VizioIR.debug.xcconfig"; sourceTree = "<group>"; };
		7BB9EA262321BDF800DCC2FD /* VizioIR.app */ = {isa = PBXFileReference; explicitFileType = wrapper.application; includeInIndex = 0; path = VizioIR.app; sourceTree = BUILT_PRODUCTS_DIR; };
		7BB9EA292321BDF800DCC2FD /* AppDelegate.swift */ = {isa = PBXFileReference; lastKnownFileType = sourcecode.swift; path = AppDelegate.swift; sourceTree = "<group>"; };
		7BB9EA2B2321BDF800DCC2FD /* LoginController.swift */ = {isa = PBXFileReference; lastKnownFileType = sourcecode.swift; path = LoginController.swift; sourceTree = "<group>"; };
		7BB9EA2E2321BDF800DCC2FD /* Base */ = {isa = PBXFileReference; lastKnownFileType = file.storyboard; name = Base; path = Base.lproj/Main.storyboard; sourceTree = "<group>"; };
		7BB9EA302321BDF900DCC2FD /* Assets.xcassets */ = {isa = PBXFileReference; lastKnownFileType = folder.assetcatalog; path = Assets.xcassets; sourceTree = "<group>"; };
		7BB9EA332321BDF900DCC2FD /* Base */ = {isa = PBXFileReference; lastKnownFileType = file.storyboard; name = Base; path = Base.lproj/LaunchScreen.storyboard; sourceTree = "<group>"; };
		7BB9EA352321BDF900DCC2FD /* Info.plist */ = {isa = PBXFileReference; lastKnownFileType = text.plist.xml; path = Info.plist; sourceTree = "<group>"; };
		ADC529C855F1F8CCC2EA4684 /* Pods_VizioIR.framework */ = {isa = PBXFileReference; explicitFileType = wrapper.framework; includeInIndex = 0; path = Pods_VizioIR.framework; sourceTree = BUILT_PRODUCTS_DIR; };
/* End PBXFileReference section */

/* Begin PBXFrameworksBuildPhase section */
		7BB9EA232321BDF800DCC2FD /* Frameworks */ = {
			isa = PBXFrameworksBuildPhase;
			buildActionMask = 2147483647;
			files = (
				267C8696E40AE3BC20DDAA98 /* Pods_VizioIR.framework in Frameworks */,
			);
			runOnlyForDeploymentPostprocessing = 0;
		};
/* End PBXFrameworksBuildPhase section */

/* Begin PBXGroup section */
		7B480BC92321C06C002F87B5 /* Controller */ = {
			isa = PBXGroup;
			children = (
				7B480BCF2321C4BA002F87B5 /* Bridge.swift */,
				7BB9EA2B2321BDF800DCC2FD /* LoginController.swift */,
				7B480BD12321C706002F87B5 /* RemoteController.swift */,
			);
			path = Controller;
			sourceTree = "<group>";
		};
		7B480BCA2321C077002F87B5 /* Model */ = {
			isa = PBXGroup;
			children = (
				7B480BCD2321C3B0002F87B5 /* AppMain.swift */,
				7B480BCB2321C08D002F87B5 /* WebSocketWrapper.swift */,
			);
			path = Model;
			sourceTree = "<group>";
		};
		7B480BD52321D47D002F87B5 /* View */ = {
			isa = PBXGroup;
			children = (
			);
			path = View;
			sourceTree = "<group>";
		};
		7BB9EA1D2321BDF800DCC2FD = {
			isa = PBXGroup;
			children = (
				7BB9EA282321BDF800DCC2FD /* VizioIR */,
				7BB9EA272321BDF800DCC2FD /* Products */,
				D3A261F2B310B7168BB9556E /* Pods */,
				C62609B3E76C5A06256150B3 /* Frameworks */,
			);
			sourceTree = "<group>";
		};
		7BB9EA272321BDF800DCC2FD /* Products */ = {
			isa = PBXGroup;
			children = (
				7BB9EA262321BDF800DCC2FD /* VizioIR.app */,
			);
			name = Products;
			sourceTree = "<group>";
		};
		7BB9EA282321BDF800DCC2FD /* VizioIR */ = {
			isa = PBXGroup;
			children = (
				7BB9EA2D2321BDF800DCC2FD /* Main.storyboard */,
				7BB9EA322321BDF900DCC2FD /* LaunchScreen.storyboard */,
				7BB9EA292321BDF800DCC2FD /* AppDelegate.swift */,
				7B480BCA2321C077002F87B5 /* Model */,
				7B480BD52321D47D002F87B5 /* View */,
				7B480BC92321C06C002F87B5 /* Controller */,
				7BB9EA302321BDF900DCC2FD /* Assets.xcassets */,
				7BB9EA352321BDF900DCC2FD /* Info.plist */,
			);
			path = VizioIR;
			sourceTree = "<group>";
		};
		C62609B3E76C5A06256150B3 /* Frameworks */ = {
			isa = PBXGroup;
			children = (
				ADC529C855F1F8CCC2EA4684 /* Pods_VizioIR.framework */,
			);
			name = Frameworks;
			sourceTree = "<group>";
		};
		D3A261F2B310B7168BB9556E /* Pods */ = {
			isa = PBXGroup;
			children = (
				7B7347FF9C87A07295B96F2C /* Pods-VizioIR.debug.xcconfig */,
				13201E3E0D27E9AF5F36F02A /* Pods-VizioIR.release.xcconfig */,
			);
			path = Pods;
			sourceTree = "<group>";
		};
/* End PBXGroup section */

/* Begin PBXNativeTarget section */
		7BB9EA252321BDF800DCC2FD /* VizioIR */ = {
			isa = PBXNativeTarget;
			buildConfigurationList = 7BB9EA382321BDF900DCC2FD /* Build configuration list for PBXNativeTarget "VizioIR" */;
			buildPhases = (
				74C5DB3E3DF5B33F6596D8C9 /* [CP] Check Pods Manifest.lock */,
				7BB9EA222321BDF800DCC2FD /* Sources */,
				7BB9EA232321BDF800DCC2FD /* Frameworks */,
				7BB9EA242321BDF800DCC2FD /* Resources */,
				A6F40E4FAACA5C8D02064623 /* [CP] Embed Pods Frameworks */,
			);
			buildRules = (
			);
			dependencies = (
			);
			name = VizioIR;
			productName = VizioIR;
			productReference = 7BB9EA262321BDF800DCC2FD /* VizioIR.app */;
			productType = "com.apple.product-type.application";
		};
/* End PBXNativeTarget section */

/* Begin PBXProject section */
		7BB9EA1E2321BDF800DCC2FD /* Project object */ = {
			isa = PBXProject;
			attributes = {
				LastSwiftUpdateCheck = 1030;
				LastUpgradeCheck = 1030;
				ORGANIZATIONNAME = "Anuv Gupta";
				TargetAttributes = {
					7BB9EA252321BDF800DCC2FD = {
						CreatedOnToolsVersion = 10.3;
					};
				};
			};
			buildConfigurationList = 7BB9EA212321BDF800DCC2FD /* Build configuration list for PBXProject "VizioIR" */;
			compatibilityVersion = "Xcode 9.3";
			developmentRegion = en;
			hasScannedForEncodings = 0;
			knownRegions = (
				en,
				Base,
			);
			mainGroup = 7BB9EA1D2321BDF800DCC2FD;
			productRefGroup = 7BB9EA272321BDF800DCC2FD /* Products */;
			projectDirPath = "";
			projectRoot = "";
			targets = (
				7BB9EA252321BDF800DCC2FD /* VizioIR */,
			);
		};
/* End PBXProject section */

/* Begin PBXResourcesBuildPhase section */
		7BB9EA242321BDF800DCC2FD /* Resources */ = {
			isa = PBXResourcesBuildPhase;
			buildActionMask = 2147483647;
			files = (
				7BB9EA342321BDF900DCC2FD /* LaunchScreen.storyboard in Resources */,
				7BB9EA312321BDF900DCC2FD /* Assets.xcassets in Resources */,
				7BB9EA2F2321BDF800DCC2FD /* Main.storyboard in Resources */,
			);
			runOnlyForDeploymentPostprocessing = 0;
		};
/* End PBXResourcesBuildPhase section */

/* Begin PBXShellScriptBuildPhase section */
		74C5DB3E3DF5B33F6596D8C9 /* [CP] Check Pods Manifest.lock */ = {
			isa = PBXShellScriptBuildPhase;
			buildActionMask = 2147483647;
			files = (
			);
			inputFileListPaths = (
			);
			inputPaths = (
				"${PODS_PODFILE_DIR_PATH}/Podfile.lock",
				"${PODS_ROOT}/Manifest.lock",
			);
			name = "[CP] Check Pods Manifest.lock";
			outputFileListPaths = (
			);
			outputPaths = (
				"$(DERIVED_FILE_DIR)/Pods-VizioIR-checkManifestLockResult.txt",
			);
			runOnlyForDeploymentPostprocessing = 0;
			shellPath = /bin/sh;
			shellScript = "diff \"${PODS_PODFILE_DIR_PATH}/Podfile.lock\" \"${PODS_ROOT}/Manifest.lock\" > /dev/null\nif [ $? != 0 ] ; then\n    # print error to STDERR\n    echo \"error: The sandbox is not in sync with the Podfile.lock. Run 'pod install' or update your CocoaPods installation.\" >&2\n    exit 1\nfi\n# This output is used by Xcode 'outputs' to avoid re-running this script phase.\necho \"SUCCESS\" > \"${SCRIPT_OUTPUT_FILE_0}\"\n";
			showEnvVarsInLog = 0;
		};
		A6F40E4FAACA5C8D02064623 /* [CP] Embed Pods Frameworks */ = {
			isa = PBXShellScriptBuildPhase;
			buildActionMask = 2147483647;
			files = (
			);
			inputFileListPaths = (
				"${PODS_ROOT}/Target Support Files/Pods-VizioIR/Pods-VizioIR-frameworks-${CONFIGURATION}-input-files.xcfilelist",
			);
			name = "[CP] Embed Pods Frameworks";
			outputFileListPaths = (
				"${PODS_ROOT}/Target Support Files/Pods-VizioIR/Pods-VizioIR-frameworks-${CONFIGURATION}-output-files.xcfilelist",
			);
			runOnlyForDeploymentPostprocessing = 0;
			shellPath = /bin/sh;
			shellScript = "\"${PODS_ROOT}/Target Support Files/Pods-VizioIR/Pods-VizioIR-frameworks.sh\"\n";
			showEnvVarsInLog = 0;
		};
/* End PBXShellScriptBuildPhase section */

/* Begin PBXSourcesBuildPhase section */
		7BB9EA222321BDF800DCC2FD /* Sources */ = {
			isa = PBXSourcesBuildPhase;
			buildActionMask = 2147483647;
			files = (
				7B480BD02321C4BA002F87B5 /* Bridge.swift in Sources */,
				7BB9EA2C2321BDF800DCC2FD /* LoginController.swift in Sources */,
				7BB9EA2A2321BDF800DCC2FD /* AppDelegate.swift in Sources */,
				7B480BCE2321C3B0002F87B5 /* AppMain.swift in Sources */,
				7B480BCC2321C08D002F87B5 /* WebSocketWrapper.swift in Sources */,
				7B480BD22321C706002F87B5 /* RemoteController.swift in Sources */,
			);
			runOnlyForDeploymentPostprocessing = 0;
		};
/* End PBXSourcesBuildPhase section */

/* Begin PBXVariantGroup section */
		7BB9EA2D2321BDF800DCC2FD /* Main.storyboard */ = {
			isa = PBXVariantGroup;
			children = (
				7BB9EA2E2321BDF800DCC2FD /* Base */,
			);
			name = Main.storyboard;
			sourceTree = "<group>";
		};
		7BB9EA322321BDF900DCC2FD /* LaunchScreen.storyboard */ = {
			isa = PBXVariantGroup;
			children = (
				7BB9EA332321BDF900DCC2FD /* Base */,
			);
			name = LaunchScreen.storyboard;
			sourceTree = "<group>";
		};
/* End PBXVariantGroup section */

/* Begin XCBuildConfiguration section */
		7BB9EA362321BDF900DCC2FD /* Debug */ = {
			isa = XCBuildConfiguration;
			buildSettings = {
				ALWAYS_SEARCH_USER_PATHS = NO;
				CLANG_ANALYZER_NONNULL = YES;
				CLANG_ANALYZER_NUMBER_OBJECT_CONVERSION = YES_AGGRESSIVE;
				CLANG_CXX_LANGUAGE_STANDARD = "gnu++14";
				CLANG_CXX_LIBRARY = "libc++";
				CLANG_ENABLE_MODULES = YES;
				CLANG_ENABLE_OBJC_ARC = YES;
				CLANG_ENABLE_OBJC_WEAK = YES;
				CLANG_WARN_BLOCK_CAPTURE_AUTORELEASING = YES;
				CLANG_WARN_BOOL_CONVERSION = YES;
				CLANG_WARN_COMMA = YES;
				CLANG_WARN_CONSTANT_CONVERSION = YES;
				CLANG_WARN_DEPRECATED_OBJC_IMPLEMENTATIONS = YES;
				CLANG_WARN_DIRECT_OBJC_ISA_USAGE = YES_ERROR;
				CLANG_WARN_DOCUMENTATION_COMMENTS = YES;
				CLANG_WARN_EMPTY_BODY = YES;
				CLANG_WARN_ENUM_CONVERSION = YES;
				CLANG_WARN_INFINITE_RECURSION = YES;
				CLANG_WARN_INT_CONVERSION = YES;
				CLANG_WARN_NON_LITERAL_NULL_CONVERSION = YES;
				CLANG_WARN_OBJC_IMPLICIT_RETAIN_SELF = YES;
				CLANG_WARN_OBJC_LITERAL_CONVERSION = YES;
				CLANG_WARN_OBJC_ROOT_CLASS = YES_ERROR;
				CLANG_WARN_RANGE_LOOP_ANALYSIS = YES;
				CLANG_WARN_STRICT_PROTOTYPES = YES;
				CLANG_WARN_SUSPICIOUS_MOVE = YES;
				CLANG_WARN_UNGUARDED_AVAILABILITY = YES_AGGRESSIVE;
				CLANG_WARN_UNREACHABLE_CODE = YES;
				CLANG_WARN__DUPLICATE_METHOD_MATCH = YES;
				CODE_SIGN_IDENTITY = "iPhone Developer";
				COPY_PHASE_STRIP = NO;
				DEBUG_INFORMATION_FORMAT = dwarf;
				ENABLE_STRICT_OBJC_MSGSEND = YES;
				ENABLE_TESTABILITY = YES;
				GCC_C_LANGUAGE_STANDARD = gnu11;
				GCC_DYNAMIC_NO_PIC = NO;
				GCC_NO_COMMON_BLOCKS = YES;
				GCC_OPTIMIZATION_LEVEL = 0;
				GCC_PREPROCESSOR_DEFINITIONS = (
					"DEBUG=1",
					"$(inherited)",
				);
				GCC_WARN_64_TO_32_BIT_CONVERSION = YES;
				GCC_WARN_ABOUT_RETURN_TYPE = YES_ERROR;
				GCC_WARN_UNDECLARED_SELECTOR = YES;
				GCC_WARN_UNINITIALIZED_AUTOS = YES_AGGRESSIVE;
				GCC_WARN_UNUSED_FUNCTION = YES;
				GCC_WARN_UNUSED_VARIABLE = YES;
				IPHONEOS_DEPLOYMENT_TARGET = 12.4;
				MTL_ENABLE_DEBUG_INFO = INCLUDE_SOURCE;
				MTL_FAST_MATH = YES;
				ONLY_ACTIVE_ARCH = YES;
				SDKROOT = iphoneos;
				SWIFT_ACTIVE_COMPILATION_CONDITIONS = DEBUG;
				SWIFT_OPTIMIZATION_LEVEL = "-Onone";
			};
			name = Debug;
		};
		7BB9EA372321BDF900DCC2FD /* Release */ = {
			isa = XCBuildConfiguration;
			buildSettings = {
				ALWAYS_SEARCH_USER_PATHS = NO;
				CLANG_ANALYZER_NONNULL = YES;
				CLANG_ANALYZER_NUMBER_OBJECT_CONVERSION = YES_AGGRESSIVE;
				CLANG_CXX_LANGUAGE_STANDARD = "gnu++14";
				CLANG_CXX_LIBRARY = "libc++";
				CLANG_ENABLE_MODULES = YES;
				CLANG_ENABLE_OBJC_ARC = YES;
				CLANG_ENABLE_OBJC_WEAK = YES;
				CLANG_WARN_BLOCK_CAPTURE_AUTORELEASING = YES;
				CLANG_WARN_BOOL_CONVERSION = YES;
				CLANG_WARN_COMMA = YES;
				CLANG_WARN_CONSTANT_CONVERSION = YES;
				CLANG_WARN_DEPRECATED_OBJC_IMPLEMENTATIONS = YES;
				CLANG_WARN_DIRECT_OBJC_ISA_USAGE = YES_ERROR;
				CLANG_WARN_DOCUMENTATION_COMMENTS = YES;
				CLANG_WARN_EMPTY_BODY = YES;
				CLANG_WARN_ENUM_CONVERSION = YES;
				CLANG_WARN_INFINITE_RECURSION = YES;
				CLANG_WARN_INT_CONVERSION = YES;
				CLANG_WARN_NON_LITERAL_NULL_CONVERSION = YES;
				CLANG_WARN_OBJC_IMPLICIT_RETAIN_SELF = YES;
				CLANG_WARN_OBJC_LITERAL_CONVERSION = YES;
				CLANG_WARN_OBJC_ROOT_CLASS = YES_ERROR;
				CLANG_WARN_RANGE_LOOP_ANALYSIS = YES;
				CLANG_WARN_STRICT_PROTOTYPES = YES;
				CLANG_WARN_SUSPICIOUS_MOVE = YES;
				CLANG_WARN_UNGUARDED_AVAILABILITY = YES_AGGRESSIVE;
				CLANG_WARN_UNREACHABLE_CODE = YES;
				CLANG_WARN__DUPLICATE_METHOD_MATCH = YES;
				CODE_SIGN_IDENTITY = "iPhone Developer";
				COPY_PHASE_STRIP = NO;
				DEBUG_INFORMATION_FORMAT = "dwarf-with-dsym";
				ENABLE_NS_ASSERTIONS = NO;
				ENABLE_STRICT_OBJC_MSGSEND = YES;
				GCC_C_LANGUAGE_STANDARD = gnu11;
				GCC_NO_COMMON_BLOCKS = YES;
				GCC_WARN_64_TO_32_BIT_CONVERSION = YES;
				GCC_WARN_ABOUT_RETURN_TYPE = YES_ERROR;
				GCC_WARN_UNDECLARED_SELECTOR = YES;
				GCC_WARN_UNINITIALIZED_AUTOS = YES_AGGRESSIVE;
				GCC_WARN_UNUSED_FUNCTION = YES;
				GCC_WARN_UNUSED_VARIABLE = YES;
				IPHONEOS_DEPLOYMENT_TARGET = 12.4;
				MTL_ENABLE_DEBUG_INFO = NO;
				MTL_FAST_MATH = YES;
				SDKROOT = iphoneos;
				SWIFT_COMPILATION_MODE = wholemodule;
				SWIFT_OPTIMIZATION_LEVEL = "-O";
				VALIDATE_PRODUCT = YES;
			};
			name = Release;
		};
		7BB9EA392321BDF900DCC2FD /* Debug */ = {
			isa = XCBuildConfiguration;
			baseConfigurationReference = 7B7347FF9C87A07295B96F2C /* Pods-VizioIR.debug.xcconfig */;
			buildSettings = {
				ASSETCATALOG_COMPILER_APPICON_NAME = AppIcon;
				CODE_SIGN_STYLE = Automatic;
				DEVELOPMENT_TEAM = R4J45Y5SBH;
				INFOPLIST_FILE = VizioIR/Info.plist;
				IPHONEOS_DEPLOYMENT_TARGET = 12.0;
				LD_RUNPATH_SEARCH_PATHS = (
					"$(inherited)",
					"@executable_path/Frameworks",
				);
				PRODUCT_BUNDLE_IDENTIFIER = com.AnuvGupta.VizioIR;
				PRODUCT_NAME = "$(TARGET_NAME)";
				SWIFT_VERSION = 5.0;
				TARGETED_DEVICE_FAMILY = "1,2";
			};
			name = Debug;
		};
		7BB9EA3A2321BDF900DCC2FD /* Release */ = {
			isa = XCBuildConfiguration;
			baseConfigurationReference = 13201E3E0D27E9AF5F36F02A /* Pods-VizioIR.release.xcconfig */;
			buildSettings = {
				ASSETCATALOG_COMPILER_APPICON_NAME = AppIcon;
				CODE_SIGN_STYLE = Automatic;
				DEVELOPMENT_TEAM = R4J45Y5SBH;
				INFOPLIST_FILE = VizioIR/Info.plist;
				IPHONEOS_DEPLOYMENT_TARGET = 12.0;
				LD_RUNPATH_SEARCH_PATHS = (
					"$(inherited)",
					"@executable_path/Frameworks",
				);
				PRODUCT_BUNDLE_IDENTIFIER = com.AnuvGupta.VizioIR;
				PRODUCT_NAME = "$(TARGET_NAME)";
				SWIFT_VERSION = 5.0;
				TARGETED_DEVICE_FAMILY = "1,2";
			};
			name = Release;
		};
/* End XCBuildConfiguration section */

/* Begin XCConfigurationList section */
		7BB9EA212321BDF800DCC2FD /* Build configuration list for PBXProject "VizioIR" */ = {
			isa = XCConfigurationList;
			buildConfigurations = (
				7BB9EA362321BDF900DCC2FD /* Debug */,
				7BB9EA372321BDF900DCC2FD /* Release */,
			);
			defaultConfigurationIsVisible = 0;
			defaultConfigurationName = Release;
		};
		7BB9EA382321BDF900DCC2FD /* Build configuration list for PBXNativeTarget "VizioIR" */ = {
			isa = XCConfigurationList;
			buildConfigurations = (
				7BB9EA392321BDF900DCC2FD /* Debug */,
				7BB9EA3A2321BDF900DCC2FD /* Release */,
			);
			defaultConfigurationIsVisible = 0;
			defaultConfigurationName = Release;
		};
/* End XCConfigurationList section */
	};
	rootObject = 7BB9EA1E2321BDF800DCC2FD /* Project object */;
}
